
Microsoft Visual Studio Solution File, Format Version 12.00
# Visual Studio 2012
Project("{FAE04EC0-301F-11D3-BF4B-00C04F79EFBC}") = "UserWallPaper", "WpfApplication1\UserWallPaper.csproj", "{3B572926-1CE5-4D8F-8863-E1F54106E9D4}"
EndProject
Project("{FAE04EC0-301F-11D3-BF4B-00C04F79EFBC}") = "RubberBand", "WpfApplication1\Behavior\RubberBand\RubberBand.csproj", "{1764E54D-0CE2-4778-9A6B-33764D7A413C}"
EndProject
Project("{FAE04EC0-301F-11D3-BF4B-00C04F79EFBC}") = "WPFSpark", "WpfApplication1\WPFSpark\WPFSpark.csproj", "{98BE1309-CEB4-45EE-B4AD-28BAF0570FAB}"
EndProject
Global
	GlobalSection(SolutionConfigurationPlatforms) = preSolution
		Debug|Any CPU = Debug|Any CPU
		Release|Any CPU = Release|Any CPU
	EndGlobalSection
	GlobalSection(ProjectConfigurationPlatforms) = postSolution
		{3B572926-1CE5-4D8F-8863-E1F54106E9D4}.Debug|Any CPU.ActiveCfg = Debug|Any CPU
		{3B572926-1CE5-4D8F-8863-E1F54106E9D4}.Debug|Any CPU.Build.0 = Debug|Any CPU
		{3B572926-1CE5-4D8F-8863-E1F54106E9D4}.Release|Any CPU.ActiveCfg = Release|Any CPU
		{3B572926-1CE5-4D8F-8863-E1F54106E9D4}.Release|Any CPU.Build.0 = Release|Any CPU
		{1764E54D-0CE2-4778-9A6B-33764D7A413C}.Debug|Any CPU.ActiveCfg = Debug|Any CPU
		{1764E54D-0CE2-4778-9A6B-33764D7A413C}.Debug|Any CPU.Build.0 = Debug|Any CPU
		{1764E54D-0CE2-4778-9A6B-33764D7A413C}.Release|Any CPU.ActiveCfg = Release|Any CPU
		{1764E54D-0CE2-4778-9A6B-33764D7A413C}.Release|Any CPU.Build.0 = Release|Any CPU
		{98BE1309-CEB4-45EE-B4AD-28BAF0570FAB}.Debug|Any CPU.ActiveCfg = Debug|Any CPU
		{98BE1309-CEB4-45EE-B4AD-28BAF0570FAB}.Debug|Any CPU.Build.0 = Debug|Any CPU
		{98BE1309-CEB4-45EE-B4AD-28BAF0570FAB}.Release|Any CPU.ActiveCfg = Release|Any CPU
		{98BE1309-CEB4-45EE-B4AD-28BAF0570FAB}.Release|Any CPU.Build.0 = Release|Any CPU
	EndGlobalSection
	GlobalSection(SolutionProperties) = preSolution
		HideSolutionNode = FALSE
	EndGlobalSection
EndGlobal
